hash: ede545ddaa2c2bb00722401be73baf34f2df9303b84e83e5cb8b4c2a3f15b60e
updated: 2017-09-15T11:36:50.434053175+01:00
imports:
- name: github.com/aws/aws-sdk-go
  version: cbd6949bf5611b581f686f8fbacd7858c7464767
  subpackages:
  - aws
  - aws/awserr
  - aws/awsutil
  - aws/client
  - aws/client/metadata
  - aws/corehandlers
  - aws/credentials
  - aws/credentials/ec2rolecreds
  - aws/credentials/endpointcreds
  - aws/credentials/stscreds
  - aws/defaults
  - aws/ec2metadata
  - aws/endpoints
  - aws/request
  - aws/session
  - aws/signer/v4
  - internal/shareddefaults
  - private/protocol
  - private/protocol/json/jsonutil
  - private/protocol/jsonrpc
  - private/protocol/query
  - private/protocol/query/queryutil
  - private/protocol/rest
  - private/protocol/xml/xmlutil
  - service/kms
  - service/sts
- name: github.com/go-ini/ini
  version: a2610b3a793cfa7fdf0b07038068af5ddc12aba1
- name: github.com/jmespath/go-jmespath
  version: bd40a432e4c76585ef6b72d3fd96fb9b6dc7b68d
testImports:
- name: github.com/stretchr/testify
  version: 69483b4bd14f5845b5a1e55bca19e954e827f1d0
