# This file is autogenerated, do not edit; changes may be undone by the next 'dep ensure'.


[[projects]]
  digest = "1:f10a4efc34fb3dfa6f92b17d89392d114e9137cccd26e281e6fc3bf80a7f96cd"
  name = "github.com/aws/aws-sdk-go"
  packages = [
    "aws",
    "aws/awserr",
    "aws/awsutil",
    "aws/client",
    "aws/client/metadata",
    "aws/corehandlers",
    "aws/credentials",
    "aws/credentials/ec2rolecreds",
    "aws/credentials/endpointcreds",
    "aws/credentials/plugincreds",
    "aws/credentials/stscreds",
    "aws/defaults",
    "aws/ec2metadata",
    "aws/endpoints",
    "aws/request",
    "aws/session",
    "aws/signer/v4",
    "awsmigrate/awsmigrate-renamer/rename",
    "awstesting/integration/smoke",
    "awstesting/mock",
    "awstesting/unit",
    "internal/sdkio",
    "internal/sdkrand",
    "internal/shareddefaults",
    "private/model/api",
    "private/protocol",
    "private/protocol/ec2query",
    "private/protocol/json/jsonutil",
    "private/protocol/jsonrpc",
    "private/protocol/query",
    "private/protocol/query/queryutil",
    "private/protocol/rest",
    "private/protocol/restjson",
    "private/protocol/restxml",
    "private/protocol/xml/xmlutil",
    "private/signer/v2",
    "private/util",
    "service/acm",
    "service/acmpca",
    "service/alexaforbusiness",
    "service/apigateway",
    "service/applicationautoscaling",
    "service/applicationdiscoveryservice",
    "service/appstream",
    "service/appsync",
    "service/athena",
    "service/autoscaling",
    "service/autoscalingplans",
    "service/batch",
    "service/budgets",
    "service/cloud9",
    "service/clouddirectory",
    "service/cloudformation",
    "service/cloudfront",
    "service/cloudfront/sign",
    "service/cloudhsm",
    "service/cloudhsmv2",
    "service/cloudsearch",
    "service/cloudsearchdomain",
    "service/cloudtrail",
    "service/cloudwatch",
    "service/cloudwatchevents",
    "service/cloudwatchlogs",
    "service/codebuild",
    "service/codecommit",
    "service/codedeploy",
    "service/codepipeline",
    "service/codestar",
    "service/cognitoidentity",
    "service/cognitoidentityprovider",
    "service/cognitosync",
    "service/comprehend",
    "service/configservice",
    "service/connect",
    "service/costandusagereportservice",
    "service/costexplorer",
    "service/databasemigrationservice",
    "service/datapipeline",
    "service/dax",
    "service/devicefarm",
    "service/directconnect",
    "service/directoryservice",
    "service/dynamodb",
    "service/dynamodb/dynamodbattribute",
    "service/dynamodb/dynamodbiface",
    "service/dynamodb/expression",
    "service/dynamodbstreams",
    "service/ec2",
    "service/ecr",
    "service/ecs",
    "service/efs",
    "service/elasticache",
    "service/elasticbeanstalk",
    "service/elasticsearchservice",
    "service/elastictranscoder",
    "service/elb",
    "service/elbv2",
    "service/emr",
    "service/firehose",
    "service/fms",
    "service/gamelift",
    "service/glacier",
    "service/glue",
    "service/greengrass",
    "service/guardduty",
    "service/health",
    "service/iam",
    "service/inspector",
    "service/iot",
    "service/iot1clickdevicesservice",
    "service/iot1clickprojects",
    "service/iotanalytics",
    "service/iotdataplane",
    "service/iotjobsdataplane",
    "service/kinesis",
    "service/kinesisanalytics",
    "service/kinesisvideo",
    "service/kinesisvideoarchivedmedia",
    "service/kinesisvideomedia",
    "service/kms",
    "service/kms/kmsiface",
    "service/lambda",
    "service/lexmodelbuildingservice",
    "service/lexruntimeservice",
    "service/lightsail",
    "service/machinelearning",
    "service/marketplacecommerceanalytics",
    "service/marketplaceentitlementservice",
    "service/marketplacemetering",
    "service/mediaconvert",
    "service/medialive",
    "service/mediapackage",
    "service/mediastore",
    "service/mediastoredata",
    "service/migrationhub",
    "service/mobile",
    "service/mobileanalytics",
    "service/mq",
    "service/mturk",
    "service/opsworks",
    "service/opsworkscm",
    "service/organizations",
    "service/pinpoint",
    "service/polly",
    "service/pricing",
    "service/rds",
    "service/rds/rdsutils",
    "service/redshift",
    "service/rekognition",
    "service/resourcegroups",
    "service/resourcegroupstaggingapi",
    "service/route53",
    "service/route53domains",
    "service/s3",
    "service/s3/s3crypto",
    "service/s3/s3iface",
    "service/s3/s3manager",
    "service/sagemaker",
    "service/sagemakerruntime",
    "service/secretsmanager",
    "service/serverlessapplicationrepository",
    "service/servicecatalog",
    "service/servicediscovery",
    "service/ses",
    "service/sfn",
    "service/shield",
    "service/simpledb",
    "service/sms",
    "service/snowball",
    "service/sns",
    "service/sqs",
    "service/sqs/sqsiface",
    "service/ssm",
    "service/storagegateway",
    "service/sts",
    "service/support",
    "service/swf",
    "service/transcribeservice",
    "service/translate",
    "service/waf",
    "service/wafregional",
    "service/workdocs",
    "service/workmail",
    "service/workspaces",
    "service/xray",
  ]
  pruneopts = "T"
  revision = "6a2f953ac4f08681e684e199039f0d6672d5deea"
  version = "v1.13.48"

[[projects]]
  digest = "1:52f195ad0e20a92d8604c1ba3cd246c61644c03eaa454b5acd41be89841e0d10"
  name = "github.com/davecgh/go-spew"
  packages = ["spew"]
  pruneopts = "T"
  revision = "346938d642f2ec3594ed81d874461961cd0faa76"
  version = "v1.1.0"

[[projects]]
  digest = "1:f810552aea0e09c97de1ec5675088c6ed7b5afbf154b0cb4a2ae92c1ca1b6cc7"
  name = "github.com/go-ini/ini"
  packages = ["."]
  pruneopts = "T"
  revision = "6529cf7c58879c08d927016dde4477f18a0634cb"
  version = "v1.36.0"

[[projects]]
  digest = "1:d6bd34d9f9b8cb40469c1e5cca1e5d866f139f1c762e954f95d07e9f936aa86d"
  name = "github.com/go-sql-driver/mysql"
  packages = ["."]
  pruneopts = "T"
  revision = "d523deb1b23d913de5bdada721a6071e71283618"
  version = "v1.4.0"

[[projects]]
  branch = "master"
  digest = "1:f56c580f83febd3af8ce61eb3660367ff803b29702e8473ab99aa736fa373dc7"
  name = "github.com/gucumber/gucumber"
  packages = [
    ".",
    "gherkin",
  ]
  pruneopts = "T"
  revision = "7d5c79e832a25825dbed83e78f8484d4ffe8ec16"

[[projects]]
  digest = "1:eebce3c1fad57b604c517ea649edd5dcbd2530f0f7e62ac0b7b232f2eacbcc88"
  name = "github.com/jmespath/go-jmespath"
  packages = ["."]
  pruneopts = "T"
  revision = "0b12d6b5"

[[projects]]
  digest = "1:40e195917a951a8bf867cd05de2a46aaf1806c50cf92eebf4c16f78cd196f747"
  name = "github.com/pkg/errors"
  packages = ["."]
  pruneopts = "T"
  revision = "645ef00459ed84a119197bfb8d8205042c6df63d"
  version = "v0.8.0"

[[projects]]
  digest = "1:22aa691fe0213cb5c07d103f9effebcb7ad04bee45a0ce5fe5369d0ca2ec3a1f"
  name = "github.com/pmezard/go-difflib"
  packages = ["difflib"]
  pruneopts = "T"
  revision = "792786c7400a136282c1664665ae0a8db921c6c2"
  version = "v1.0.0"

[[projects]]
  branch = "master"
  digest = "1:0530be3ad36d8c66a2fab6a1b1c2df258b94ce4df095d2f3f0b96fc672cc1b88"
  name = "github.com/shiena/ansicolor"
  packages = ["."]
  pruneopts = "T"
  revision = "a422bbe96644373c5753384a59d678f7d261ff10"

[[projects]]
  digest = "1:8d58d88a7b2a7440509bee60f3e865773e8f79e622817ddb63ba3cda9efba25a"
  name = "github.com/stretchr/objx"
  packages = ["."]
  pruneopts = "T"
  revision = "477a77ecc69700c7cdeb1fa9e129548e1c1c393c"
  version = "v0.1.1"

[[projects]]
  digest = "1:2a3eb3dd47e1f22625488dce56ff3da2813abe6e91ab2caf02a8a1b2ec118b30"
  name = "github.com/stretchr/testify"
  packages = [
    "assert",
    "http",
    "mock",
    "require",
  ]
  pruneopts = "T"
  revision = "69483b4bd14f5845b5a1e55bca19e954e827f1d0"
  version = "v1.1.4"

[[projects]]
  branch = "master"
  digest = "1:7ff5056f10950fb6a5ec613a91d161313439528b2f765cfaff9e1405a96dcb63"
  name = "golang.org/x/net"
  packages = [
    "html",
    "html/atom",
  ]
  pruneopts = "T"
  revision = "146acd28ed5894421fb5aac80ca93bc1b1f46f87"

[[projects]]
  branch = "master"
  digest = "1:70167f2d93db7b632df92210584cfaa4c982e4b359cde49d0d645ee81dc9dd4b"
  name = "golang.org/x/tools"
  packages = [
    "go/ast/astutil",
    "go/buildutil",
    "go/internal/cgo",
    "go/loader",
  ]
  pruneopts = "T"
  revision = "a2b3f7f249e90c6fe7ca632df1cbbb6fd73c0cfa"

[[projects]]
  digest = "1:193075fba81bbed6bbb7909249582de60770f5e67ed1c9321f4eeb2d9b56c7a4"
  name = "google.golang.org/appengine"
  packages = ["cloudsql"]
  pruneopts = "T"
  revision = "ae0ab99deb4dc413a2b4bd6c8bdd0eb67f1e4d06"
  version = "v1.2.0"

[solve-meta]
  analyzer-name = "dep"
  analyzer-version = 1
  input-imports = [
    "github.com/aws/aws-sdk-go/aws",
    "github.com/aws/aws-sdk-go/aws/awserr",
    "github.com/aws/aws-sdk-go/aws/awsutil",
    "github.com/aws/aws-sdk-go/aws/client",
    "github.com/aws/aws-sdk-go/aws/client/metadata",
    "github.com/aws/aws-sdk-go/aws/corehandlers",
    "github.com/aws/aws-sdk-go/aws/credentials",
    "github.com/aws/aws-sdk-go/aws/credentials/ec2rolecreds",
    "github.com/aws/aws-sdk-go/aws/credentials/endpointcreds",
    "github.com/aws/aws-sdk-go/aws/credentials/plugincreds",
    "github.com/aws/aws-sdk-go/aws/credentials/stscreds",
    "github.com/aws/aws-sdk-go/aws/defaults",
    "github.com/aws/aws-sdk-go/aws/ec2metadata",
    "github.com/aws/aws-sdk-go/aws/endpoints",
    "github.com/aws/aws-sdk-go/aws/request",
    "github.com/aws/aws-sdk-go/aws/session",
    "github.com/aws/aws-sdk-go/aws/signer/v4",
    "github.com/aws/aws-sdk-go/awsmigrate/awsmigrate-renamer/rename",
    "github.com/aws/aws-sdk-go/awstesting/integration/smoke",
    "github.com/aws/aws-sdk-go/awstesting/mock",
    "github.com/aws/aws-sdk-go/awstesting/unit",
    "github.com/aws/aws-sdk-go/internal/sdkio",
    "github.com/aws/aws-sdk-go/internal/sdkrand",
    "github.com/aws/aws-sdk-go/internal/shareddefaults",
    "github.com/aws/aws-sdk-go/private/model/api",
    "github.com/aws/aws-sdk-go/private/protocol",
    "github.com/aws/aws-sdk-go/private/protocol/ec2query",
    "github.com/aws/aws-sdk-go/private/protocol/json/jsonutil",
    "github.com/aws/aws-sdk-go/private/protocol/jsonrpc",
    "github.com/aws/aws-sdk-go/private/protocol/query",
    "github.com/aws/aws-sdk-go/private/protocol/query/queryutil",
    "github.com/aws/aws-sdk-go/private/protocol/rest",
    "github.com/aws/aws-sdk-go/private/protocol/restjson",
    "github.com/aws/aws-sdk-go/private/protocol/restxml",
    "github.com/aws/aws-sdk-go/private/protocol/xml/xmlutil",
    "github.com/aws/aws-sdk-go/private/signer/v2",
    "github.com/aws/aws-sdk-go/private/util",
    "github.com/aws/aws-sdk-go/service/acm",
    "github.com/aws/aws-sdk-go/service/acmpca",
    "github.com/aws/aws-sdk-go/service/alexaforbusiness",
    "github.com/aws/aws-sdk-go/service/apigateway",
    "github.com/aws/aws-sdk-go/service/applicationautoscaling",
    "github.com/aws/aws-sdk-go/service/applicationdiscoveryservice",
    "github.com/aws/aws-sdk-go/service/appstream",
    "github.com/aws/aws-sdk-go/service/appsync",
    "github.com/aws/aws-sdk-go/service/athena",
    "github.com/aws/aws-sdk-go/service/autoscaling",
    "github.com/aws/aws-sdk-go/service/autoscalingplans",
    "github.com/aws/aws-sdk-go/service/batch",
    "github.com/aws/aws-sdk-go/service/budgets",
    "github.com/aws/aws-sdk-go/service/cloud9",
    "github.com/aws/aws-sdk-go/service/clouddirectory",
    "github.com/aws/aws-sdk-go/service/cloudformation",
    "github.com/aws/aws-sdk-go/service/cloudfront",
    "github.com/aws/aws-sdk-go/service/cloudfront/sign",
    "github.com/aws/aws-sdk-go/service/cloudhsm",
    "github.com/aws/aws-sdk-go/service/cloudhsmv2",
    "github.com/aws/aws-sdk-go/service/cloudsearch",
    "github.com/aws/aws-sdk-go/service/cloudsearchdomain",
    "github.com/aws/aws-sdk-go/service/cloudtrail",
    "github.com/aws/aws-sdk-go/service/cloudwatch",
    "github.com/aws/aws-sdk-go/service/cloudwatchevents",
    "github.com/aws/aws-sdk-go/service/cloudwatchlogs",
    "github.com/aws/aws-sdk-go/service/codebuild",
    "github.com/aws/aws-sdk-go/service/codecommit",
    "github.com/aws/aws-sdk-go/service/codedeploy",
    "github.com/aws/aws-sdk-go/service/codepipeline",
    "github.com/aws/aws-sdk-go/service/codestar",
    "github.com/aws/aws-sdk-go/service/cognitoidentity",
    "github.com/aws/aws-sdk-go/service/cognitoidentityprovider",
    "github.com/aws/aws-sdk-go/service/cognitosync",
    "github.com/aws/aws-sdk-go/service/comprehend",
    "github.com/aws/aws-sdk-go/service/configservice",
    "github.com/aws/aws-sdk-go/service/connect",
    "github.com/aws/aws-sdk-go/service/costandusagereportservice",
    "github.com/aws/aws-sdk-go/service/costexplorer",
    "github.com/aws/aws-sdk-go/service/databasemigrationservice",
    "github.com/aws/aws-sdk-go/service/datapipeline",
    "github.com/aws/aws-sdk-go/service/dax",
    "github.com/aws/aws-sdk-go/service/devicefarm",
    "github.com/aws/aws-sdk-go/service/directconnect",
    "github.com/aws/aws-sdk-go/service/directoryservice",
    "github.com/aws/aws-sdk-go/service/dynamodb",
    "github.com/aws/aws-sdk-go/service/dynamodb/dynamodbattribute",
    "github.com/aws/aws-sdk-go/service/dynamodb/dynamodbiface",
    "github.com/aws/aws-sdk-go/service/dynamodb/expression",
    "github.com/aws/aws-sdk-go/service/dynamodbstreams",
    "github.com/aws/aws-sdk-go/service/ec2",
    "github.com/aws/aws-sdk-go/service/ecr",
    "github.com/aws/aws-sdk-go/service/ecs",
    "github.com/aws/aws-sdk-go/service/efs",
    "github.com/aws/aws-sdk-go/service/elasticache",
    "github.com/aws/aws-sdk-go/service/elasticbeanstalk",
    "github.com/aws/aws-sdk-go/service/elasticsearchservice",
    "github.com/aws/aws-sdk-go/service/elastictranscoder",
    "github.com/aws/aws-sdk-go/service/elb",
    "github.com/aws/aws-sdk-go/service/elbv2",
    "github.com/aws/aws-sdk-go/service/emr",
    "github.com/aws/aws-sdk-go/service/firehose",
    "github.com/aws/aws-sdk-go/service/fms",
    "github.com/aws/aws-sdk-go/service/gamelift",
    "github.com/aws/aws-sdk-go/service/glacier",
    "github.com/aws/aws-sdk-go/service/glue",
    "github.com/aws/aws-sdk-go/service/greengrass",
    "github.com/aws/aws-sdk-go/service/guardduty",
    "github.com/aws/aws-sdk-go/service/health",
    "github.com/aws/aws-sdk-go/service/iam",
    "github.com/aws/aws-sdk-go/service/inspector",
    "github.com/aws/aws-sdk-go/service/iot",
    "github.com/aws/aws-sdk-go/service/iot1clickdevicesservice",
    "github.com/aws/aws-sdk-go/service/iot1clickprojects",
    "github.com/aws/aws-sdk-go/service/iotanalytics",
    "github.com/aws/aws-sdk-go/service/iotdataplane",
    "github.com/aws/aws-sdk-go/service/iotjobsdataplane",
    "github.com/aws/aws-sdk-go/service/kinesis",
    "github.com/aws/aws-sdk-go/service/kinesisanalytics",
    "github.com/aws/aws-sdk-go/service/kinesisvideo",
    "github.com/aws/aws-sdk-go/service/kinesisvideoarchivedmedia",
    "github.com/aws/aws-sdk-go/service/kinesisvideomedia",
    "github.com/aws/aws-sdk-go/service/kms",
    "github.com/aws/aws-sdk-go/service/kms/kmsiface",
    "github.com/aws/aws-sdk-go/service/lambda",
    "github.com/aws/aws-sdk-go/service/lexmodelbuildingservice",
    "github.com/aws/aws-sdk-go/service/lexruntimeservice",
    "github.com/aws/aws-sdk-go/service/lightsail",
    "github.com/aws/aws-sdk-go/service/machinelearning",
    "github.com/aws/aws-sdk-go/service/marketplacecommerceanalytics",
    "github.com/aws/aws-sdk-go/service/marketplaceentitlementservice",
    "github.com/aws/aws-sdk-go/service/marketplacemetering",
    "github.com/aws/aws-sdk-go/service/mediaconvert",
    "github.com/aws/aws-sdk-go/service/medialive",
    "github.com/aws/aws-sdk-go/service/mediapackage",
    "github.com/aws/aws-sdk-go/service/mediastore",
    "github.com/aws/aws-sdk-go/service/mediastoredata",
    "github.com/aws/aws-sdk-go/service/migrationhub",
    "github.com/aws/aws-sdk-go/service/mobile",
    "github.com/aws/aws-sdk-go/service/mobileanalytics",
    "github.com/aws/aws-sdk-go/service/mq",
    "github.com/aws/aws-sdk-go/service/mturk",
    "github.com/aws/aws-sdk-go/service/opsworks",
    "github.com/aws/aws-sdk-go/service/opsworkscm",
    "github.com/aws/aws-sdk-go/service/organizations",
    "github.com/aws/aws-sdk-go/service/pinpoint",
    "github.com/aws/aws-sdk-go/service/polly",
    "github.com/aws/aws-sdk-go/service/pricing",
    "github.com/aws/aws-sdk-go/service/rds",
    "github.com/aws/aws-sdk-go/service/rds/rdsutils",
    "github.com/aws/aws-sdk-go/service/redshift",
    "github.com/aws/aws-sdk-go/service/rekognition",
    "github.com/aws/aws-sdk-go/service/resourcegroups",
    "github.com/aws/aws-sdk-go/service/resourcegroupstaggingapi",
    "github.com/aws/aws-sdk-go/service/route53",
    "github.com/aws/aws-sdk-go/service/route53domains",
    "github.com/aws/aws-sdk-go/service/s3",
    "github.com/aws/aws-sdk-go/service/s3/s3crypto",
    "github.com/aws/aws-sdk-go/service/s3/s3iface",
    "github.com/aws/aws-sdk-go/service/s3/s3manager",
    "github.com/aws/aws-sdk-go/service/sagemaker",
    "github.com/aws/aws-sdk-go/service/sagemakerruntime",
    "github.com/aws/aws-sdk-go/service/secretsmanager",
    "github.com/aws/aws-sdk-go/service/serverlessapplicationrepository",
    "github.com/aws/aws-sdk-go/service/servicecatalog",
    "github.com/aws/aws-sdk-go/service/servicediscovery",
    "github.com/aws/aws-sdk-go/service/ses",
    "github.com/aws/aws-sdk-go/service/sfn",
    "github.com/aws/aws-sdk-go/service/shield",
    "github.com/aws/aws-sdk-go/service/simpledb",
    "github.com/aws/aws-sdk-go/service/sms",
    "github.com/aws/aws-sdk-go/service/snowball",
    "github.com/aws/aws-sdk-go/service/sns",
    "github.com/aws/aws-sdk-go/service/sqs",
    "github.com/aws/aws-sdk-go/service/sqs/sqsiface",
    "github.com/aws/aws-sdk-go/service/ssm",
    "github.com/aws/aws-sdk-go/service/storagegateway",
    "github.com/aws/aws-sdk-go/service/sts",
    "github.com/aws/aws-sdk-go/service/support",
    "github.com/aws/aws-sdk-go/service/swf",
    "github.com/aws/aws-sdk-go/service/transcribeservice",
    "github.com/aws/aws-sdk-go/service/translate",
    "github.com/aws/aws-sdk-go/service/waf",
    "github.com/aws/aws-sdk-go/service/wafregional",
    "github.com/aws/aws-sdk-go/service/workdocs",
    "github.com/aws/aws-sdk-go/service/workmail",
    "github.com/aws/aws-sdk-go/service/workspaces",
    "github.com/aws/aws-sdk-go/service/xray",
    "github.com/davecgh/go-spew/spew",
    "github.com/go-ini/ini",
    "github.com/go-sql-driver/mysql",
    "github.com/gucumber/gucumber",
    "github.com/jmespath/go-jmespath",
    "github.com/pkg/errors",
    "github.com/pmezard/go-difflib/difflib",
    "github.com/stretchr/objx",
    "github.com/stretchr/testify/assert",
    "github.com/stretchr/testify/http",
    "github.com/stretchr/testify/mock",
    "github.com/stretchr/testify/require",
    "golang.org/x/net/html",
    "golang.org/x/tools/go/loader",
  ]
  solver-name = "gps-cdcl"
  solver-version = 1
